// !$*UTF8*$!
{
	archiveVersion = 1;
	classes = {
	};
	objectVersion = 50;
	objects = {

/* Begin PBXBuildFile section */
		B905768927BEA879002FEB3E /* AppDelegate.swift in Sources */ = {isa = PBXBuildFile; fileRef = B905768827BEA879002FEB3E /* AppDelegate.swift */; };
		B905768B27BEA879002FEB3E /* SceneDelegate.swift in Sources */ = {isa = PBXBuildFile; fileRef = B905768A27BEA879002FEB3E /* SceneDelegate.swift */; };
		B905768D27BEA879002FEB3E /* ViewController.swift in Sources */ = {isa = PBXBuildFile; fileRef = B905768C27BEA879002FEB3E /* ViewController.swift */; };
		B905769027BEA879002FEB3E /* Main.storyboard in Resources */ = {isa = PBXBuildFile; fileRef = B905768E27BEA879002FEB3E /* Main.storyboard */; };
		B905769227BEA879002FEB3E /* Assets.xcassets in Resources */ = {isa = PBXBuildFile; fileRef = B905769127BEA879002FEB3E /* Assets.xcassets */; };
		B905769527BEA879002FEB3E /* LaunchScreen.storyboard in Resources */ = {isa = PBXBuildFile; fileRef = B905769327BEA879002FEB3E /* LaunchScreen.storyboard */; };
		B905769F27BEB026002FEB3E /* CustomView.swift in Sources */ = {isa = PBXBuildFile; fileRef = B905769E27BEB026002FEB3E /* CustomView.swift */; };
/* End PBXBuildFile section */

/* Begin PBXFileReference section */
		B905768527BEA879002FEB3E /* ChildParent.app */ = {isa = PBXFileReference; explicitFileType = wrapper.application; includeInIndex = 0; path = ChildParent.app; sourceTree = BUILT_PRODUCTS_DIR; };
		B905768827BEA879002FEB3E /* AppDelegate.swift */ = {isa = PBXFileReference; lastKnownFileType = sourcecode.swift; path = AppDelegate.swift; sourceTree = "<group>"; };
		B905768A27BEA879002FEB3E /* SceneDelegate.swift */ = {isa = PBXFileReference; lastKnownFileType = sourcecode.swift; path = SceneDelegate.swift; sourceTree = "<group>"; };
		B905768C27BEA879002FEB3E /* ViewController.swift */ = {isa = PBXFileReference; lastKnownFileType = sourcecode.swift; path = ViewController.swift; sourceTree = "<group>"; };
		B905768F27BEA879002FEB3E /* Base */ = {isa = PBXFileReference; lastKnownFileType = file.storyboard; name = Base; path = Base.lproj/Main.storyboard; sourceTree = "<group>"; };
		B905769127BEA879002FEB3E /* Assets.xcassets */ = {isa = PBXFileReference; lastKnownFileType = folder.assetcatalog; path = Assets.xcassets; sourceTree = "<group>"; };
		B905769427BEA879002FEB3E /* Base */ = {isa = PBXFileReference; lastKnownFileType = file.storyboard; name = Base; path = Base.lproj/LaunchScreen.storyboard; sourceTree = "<group>"; };
		B905769627BEA879002FEB3E /* Info.plist */ = {isa = PBXFileReference; lastKnownFileType = text.plist.xml; path = Info.plist; sourceTree = "<group>"; };
		B905769E27BEB026002FEB3E /* CustomView.swift */ = {isa = PBXFileReference; lastKnownFileType = sourcecode.swift; path = CustomView.swift; sourceTree = "<group>"; };
/* End PBXFileReference section */

/* Begin PBXFrameworksBuildPhase section */
		B905768227BEA878002FEB3E /* Frameworks */ = {
			isa = PBXFrameworksBuildPhase;
			buildActionMask = 2147483647;
			files = (
			);
			runOnlyForDeploymentPostprocessing = 0;
		};
/* End PBXFrameworksBuildPhase section */

/* Begin PBXGroup section */
		B905767C27BEA878002FEB3E = {
			isa = PBXGroup;
			children = (
				B905768727BEA879002FEB3E /* ChildParent */,
				B905768627BEA879002FEB3E /* Products */,
			);
			sourceTree = "<group>";
		};
		B905768627BEA879002FEB3E /* Products */ = {
			isa = PBXGroup;
			children = (
				B905768527BEA879002FEB3E /* ChildParent.app */,
			);
			name = Products;
			sourceTree = "<group>";
		};
		B905768727BEA879002FEB3E /* ChildParent */ = {
			isa = PBXGroup;
			children = (
				B905768827BEA879002FEB3E /* AppDelegate.swift */,
				B905768A27BEA879002FEB3E /* SceneDelegate.swift */,
				B905768C27BEA879002FEB3E /* ViewController.swift */,
				B905769E27BEB026002FEB3E /* CustomView.swift */,
				B905768E27BEA879002FEB3E /* Main.storyboard */,
				B905769127BEA879002FEB3E /* Assets.xcassets */,
				B905769327BEA879002FEB3E /* LaunchScreen.storyboard */,
				B905769627BEA879002FEB3E /* Info.plist */,
			);
			path = ChildParent;
			sourceTree = "<group>";
		};
/* End PBXGroup section */

/* Begin PBXNativeTarget section */
		B905768427BEA878002FEB3E /* ChildParent */ = {
			isa = PBXNativeTarget;
			buildConfigurationList = B905769927BEA879002FEB3E /* Build configuration list for PBXNativeTarget "ChildParent" */;
			buildPhases = (
				B905768127BEA878002FEB3E /* Sources */,
				B905768227BEA878002FEB3E /* Frameworks */,
				B905768327BEA878002FEB3E /* Resources */,
			);
			buildRules = (
			);
			dependencies = (
			);
			name = ChildParent;
			productName = ChildParent;
			productReference = B905768527BEA879002FEB3E /* ChildParent.app */;
			productType = "com.apple.product-type.application";
		};
/* End PBXNativeTarget section */

/* Begin PBXProject section */
		B905767D27BEA878002FEB3E /* Project object */ = {
			isa = PBXProject;
			attributes = {
				LastSwiftUpdateCheck = 1200;
				LastUpgradeCheck = 1200;
				TargetAttributes = {
					B905768427BEA878002FEB3E = {
						CreatedOnToolsVersion = 12.0.1;
					};
				};
			};
			buildConfigurationList = B905768027BEA878002FEB3E /* Build configuration list for PBXProject "ChildParent" */;
			compatibilityVersion = "Xcode 9.3";
			developmentRegion = en;
			hasScannedForEncodings = 0;
			knownRegions = (
				en,
				Base,
			);
			mainGroup = B905767C27BEA878002FEB3E;
			productRefGroup = B905768627BEA879002FEB3E /* Products */;
			projectDirPath = "";
			projectRoot = "";
			targets = (
				B905768427BEA878002FEB3E /* ChildParent */,
			);
		};
/* End PBXProject section */

/* Begin PBXResourcesBuildPhase section */
		B905768327BEA878002FEB3E /* Resources */ = {
			isa = PBXResourcesBuildPhase;
			buildActionMask = 2147483647;
			files = (
				B905769527BEA879002FEB3E /* LaunchScreen.storyboard in Resources */,
				B905769227BEA879002FEB3E /* Assets.xcassets in Resources */,
				B905769027BEA879002FEB3E /* Main.storyboard in Resources */,
			);
			runOnlyForDeploymentPostprocessing = 0;
		};
/* End PBXResourcesBuildPhase section */

/* Begin PBXSourcesBuildPhase section */
		B905768127BEA878002FEB3E /* Sources */ = {
			isa = PBXSourcesBuildPhase;
			buildActionMask = 2147483647;
			files = (
				B905768D27BEA879002FEB3E /* ViewController.swift in Sources */,
				B905769F27BEB026002FEB3E /* CustomView.swift in Sources */,
				B905768927BEA879002FEB3E /* AppDelegate.swift in Sources */,
				B905768B27BEA879002FEB3E /* SceneDelegate.swift in Sources */,
			);
			runOnlyForDeploymentPostprocessing = 0;
		};
/* End PBXSourcesBuildPhase section */

/* Begin PBXVariantGroup section */
		B905768E27BEA879002FEB3E /* Main.storyboard */ = {
			isa = PBXVariantGroup;
			children = (
				B905768F27BEA879002FEB3E /* Base */,
			);
			name = Main.storyboard;
			sourceTree = "<group>";
		};
		B905769327BEA879002FEB3E /* LaunchScreen.storyboard */ = {
			isa = PBXVariantGroup;
			children = (
				B905769427BEA879002FEB3E /* Base */,
			);
			name = LaunchScreen.storyboard;
			sourceTree = "<group>";
		};
/* End PBXVariantGroup section */

/* Begin XCBuildConfiguration section */
		B905769727BEA879002FEB3E /* Debug */ = {
			isa = XCBuildConfiguration;
			buildSettings = {
				ALWAYS_SEARCH_USER_PATHS = NO;
				CLANG_ANALYZER_NONNULL = YES;
				CLANG_ANALYZER_NUMBER_OBJECT_CONVERSION = YES_AGGRESSIVE;
				CLANG_CXX_LANGUAGE_STANDARD = "gnu++14";
				CLANG_CXX_LIBRARY = "libc++";
				CLANG_ENABLE_MODULES = YES;
				CLANG_ENABLE_OBJC_ARC = YES;
				CLANG_ENABLE_OBJC_WEAK = YES;
				CLANG_WARN_BLOCK_CAPTURE_AUTORELEASING = YES;
				CLANG_WARN_BOOL_CONVERSION = YES;
				CLANG_WARN_COMMA = YES;
				CLANG_WARN_CONSTANT_CONVERSION = YES;
				CLANG_WARN_DEPRECATED_OBJC_IMPLEMENTATIONS = YES;
				CLANG_WARN_DIRECT_OBJC_ISA_USAGE = YES_ERROR;
				CLANG_WARN_DOCUMENTATION_COMMENTS = YES;
				CLANG_WARN_EMPTY_BODY = YES;
				CLANG_WARN_ENUM_CONVERSION = YES;
				CLANG_WARN_INFINITE_RECURSION = YES;
				CLANG_WARN_INT_CONVERSION = YES;
				CLANG_WARN_NON_LITERAL_NULL_CONVERSION = YES;
				CLANG_WARN_OBJC_IMPLICIT_RETAIN_SELF = YES;
				CLANG_WARN_OBJC_LITERAL_CONVERSION = YES;
				CLANG_WARN_OBJC_ROOT_CLASS = YES_ERROR;
				CLANG_WARN_QUOTED_INCLUDE_IN_FRAMEWORK_HEADER = YES;
				CLANG_WARN_RANGE_LOOP_ANALYSIS = YES;
				CLANG_WARN_STRICT_PROTOTYPES = YES;
				CLANG_WARN_SUSPICIOUS_MOVE = YES;
				CLANG_WARN_UNGUARDED_AVAILABILITY = YES_AGGRESSIVE;
				CLANG_WARN_UNREACHABLE_CODE = YES;
				CLANG_WARN__DUPLICATE_METHOD_MATCH = YES;
				COPY_PHASE_STRIP = NO;
				DEBUG_INFORMATION_FORMAT = dwarf;
				ENABLE_STRICT_OBJC_MSGSEND = YES;
				ENABLE_TESTABILITY = YES;
				GCC_C_LANGUAGE_STANDARD = gnu11;
				GCC_DYNAMIC_NO_PIC = NO;
				GCC_NO_COMMON_BLOCKS = YES;
				GCC_OPTIMIZATION_LEVEL = 0;
				GCC_PREPROCESSOR_DEFINITIONS = (
					"DEBUG=1",
					"$(inherited)",
				);
				GCC_WARN_64_TO_32_BIT_CONVERSION = YES;
				GCC_WARN_ABOUT_RETURN_TYPE = YES_ERROR;
				GCC_WARN_UNDECLARED_SELECTOR = YES;
				GCC_WARN_UNINITIALIZED_AUTOS = YES_AGGRESSIVE;
				GCC_WARN_UNUSED_FUNCTION = YES;
				GCC_WARN_UNUSED_VARIABLE = YES;
				IPHONEOS_DEPLOYMENT_TARGET = 14.0;
				MTL_ENABLE_DEBUG_INFO = INCLUDE_SOURCE;
				MTL_FAST_MATH = YES;
				ONLY_ACTIVE_ARCH = YES;
				SDKROOT = iphoneos;
				SWIFT_ACTIVE_COMPILATION_CONDITIONS = DEBUG;
				SWIFT_OPTIMIZATION_LEVEL = "-Onone";
			};
			name = Debug;
		};
		B905769827BEA879002FEB3E /* Release */ = {
			isa = XCBuildConfiguration;
			buildSettings = {
				ALWAYS_SEARCH_USER_PATHS = NO;
				CLANG_ANALYZER_NONNULL = YES;
				CLANG_ANALYZER_NUMBER_OBJECT_CONVERSION = YES_AGGRESSIVE;
				CLANG_CXX_LANGUAGE_STANDARD = "gnu++14";
				CLANG_CXX_LIBRARY = "libc++";
				CLANG_ENABLE_MODULES = YES;
				CLANG_ENABLE_OBJC_ARC = YES;
				CLANG_ENABLE_OBJC_WEAK = YES;
				CLANG_WARN_BLOCK_CAPTURE_AUTORELEASING = YES;
				CLANG_WARN_BOOL_CONVERSION = YES;
				CLANG_WARN_COMMA = YES;
				CLANG_WARN_CONSTANT_CONVERSION = YES;
				CLANG_WARN_DEPRECATED_OBJC_IMPLEMENTATIONS = YES;
				CLANG_WARN_DIRECT_OBJC_ISA_USAGE = YES_ERROR;
				CLANG_WARN_DOCUMENTATION_COMMENTS = YES;
				CLANG_WARN_EMPTY_BODY = YES;
				CLANG_WARN_ENUM_CONVERSION = YES;
				CLANG_WARN_INFINITE_RECURSION = YES;
				CLANG_WARN_INT_CONVERSION = YES;
				CLANG_WARN_NON_LITERAL_NULL_CONVERSION = YES;
				CLANG_WARN_OBJC_IMPLICIT_RETAIN_SELF = YES;
				CLANG_WARN_OBJC_LITERAL_CONVERSION = YES;
				CLANG_WARN_OBJC_ROOT_CLASS = YES_ERROR;
				CLANG_WARN_QUOTED_INCLUDE_IN_FRAMEWORK_HEADER = YES;
				CLANG_WARN_RANGE_LOOP_ANALYSIS = YES;
				CLANG_WARN_STRICT_PROTOTYPES = YES;
				CLANG_WARN_SUSPICIOUS_MOVE = YES;
				CLANG_WARN_UNGUARDED_AVAILABILITY = YES_AGGRESSIVE;
				CLANG_WARN_UNREACHABLE_CODE = YES;
				CLANG_WARN__DUPLICATE_METHOD_MATCH = YES;
				COPY_PHASE_STRIP = NO;
				DEBUG_INFORMATION_FORMAT = "dwarf-with-dsym";
				ENABLE_NS_ASSERTIONS = NO;
				ENABLE_STRICT_OBJC_MSGSEND = YES;
				GCC_C_LANGUAGE_STANDARD = gnu11;
				GCC_NO_COMMON_BLOCKS = YES;
				GCC_WARN_64_TO_32_BIT_CONVERSION = YES;
				GCC_WARN_ABOUT_RETURN_TYPE = YES_ERROR;
				GCC_WARN_UNDECLARED_SELECTOR = YES;
				GCC_WARN_UNINITIALIZED_AUTOS = YES_AGGRESSIVE;
				GCC_WARN_UNUSED_FUNCTION = YES;
				GCC_WARN_UNUSED_VARIABLE = YES;
				IPHONEOS_DEPLOYMENT_TARGET = 14.0;
				MTL_ENABLE_DEBUG_INFO = NO;
				MTL_FAST_MATH = YES;
				SDKROOT = iphoneos;
				SWIFT_COMPILATION_MODE = wholemodule;
				SWIFT_OPTIMIZATION_LEVEL = "-O";
				VALIDATE_PRODUCT = YES;
			};
			name = Release;
		};
		B905769A27BEA879002FEB3E /* Debug */ = {
			isa = XCBuildConfiguration;
			buildSettings = {
				ASSETCATALOG_COMPILER_APPICON_NAME = AppIcon;
				ASSETCATALOG_COMPILER_GLOBAL_ACCENT_COLOR_NAME = AccentColor;
				CODE_SIGN_STYLE = Automatic;
				DEVELOPMENT_TEAM = Y994MRWU9A;
				INFOPLIST_FILE = ChildParent/Info.plist;
				LD_RUNPATH_SEARCH_PATHS = (
					"$(inherited)",
					"@executable_path/Frameworks",
				);
				PRODUCT_BUNDLE_IDENTIFIER = swift.ru.ChildParent;
				PRODUCT_NAME = "$(TARGET_NAME)";
				SWIFT_VERSION = 5.0;
				TARGETED_DEVICE_FAMILY = 1;
			};
			name = Debug;
		};
		B905769B27BEA879002FEB3E /* Release */ = {
			isa = XCBuildConfiguration;
			buildSettings = {
				ASSETCATALOG_COMPILER_APPICON_NAME = AppIcon;
				ASSETCATALOG_COMPILER_GLOBAL_ACCENT_COLOR_NAME = AccentColor;
				CODE_SIGN_STYLE = Automatic;
				DEVELOPMENT_TEAM = Y994MRWU9A;
				INFOPLIST_FILE = ChildParent/Info.plist;
				LD_RUNPATH_SEARCH_PATHS = (
					"$(inherited)",
					"@executable_path/Frameworks",
				);
				PRODUCT_BUNDLE_IDENTIFIER = swift.ru.ChildParent;
				PRODUCT_NAME = "$(TARGET_NAME)";
				SWIFT_VERSION = 5.0;
				TARGETED_DEVICE_FAMILY = 1;
			};
			name = Release;
		};
/* End XCBuildConfiguration section */

/* Begin XCConfigurationList section */
		B905768027BEA878002FEB3E /* Build configuration list for PBXProject "ChildParent" */ = {
			isa = XCConfigurationList;
			buildConfigurations = (
				B905769727BEA879002FEB3E /* Debug */,
				B905769827BEA879002FEB3E /* Release */,
			);
			defaultConfigurationIsVisible = 0;
			defaultConfigurationName = Release;
		};
		B905769927BEA879002FEB3E /* Build configuration list for PBXNativeTarget "ChildParent" */ = {
			isa = XCConfigurationList;
			buildConfigurations = (
				B905769A27BEA879002FEB3E /* Debug */,
				B905769B27BEA879002FEB3E /* Release */,
			);
			defaultConfigurationIsVisible = 0;
			defaultConfigurationName = Release;
		};
/* End XCConfigurationList section */
	};
	rootObject = B905767D27BEA878002FEB3E /* Project object */;
}
